
Microsoft Visual Studio Solution File, Format Version 12.00
# Visual Studio Version 17
VisualStudioVersion = 17.0.31903.59
MinimumVisualStudioVersion = 10.0.40219.1
Project("{FAE04EC0-301F-11D3-BF4B-00C04F79EFBC}") = "Function01", "Function01\Function01.csproj", "{C6D58BC8-F4F4-4054-B130-B6DC12E752BF}"
EndProject
Project("{FAE04EC0-301F-11D3-BF4B-00C04F79EFBC}") = "Project1", "Project1\Project1.csproj", "{632E29EE-6B5A-4CE4-98F4-8BB8DB1D6F93}"
EndProject
Project("{FAE04EC0-301F-11D3-BF4B-00C04F79EFBC}") = "AwsTest01.Application", "AwsTest01.Application\AwsTest01.Application.csproj", "{0DFA7D70-4A32-441B-945C-4C3D90DE032A}"
EndProject
Global
	GlobalSection(SolutionConfigurationPlatforms) = preSolution
		Debug|Any CPU = Debug|Any CPU
		Release|Any CPU = Release|Any CPU
	EndGlobalSection
	GlobalSection(SolutionProperties) = preSolution
		HideSolutionNode = FALSE
	EndGlobalSection
	GlobalSection(ProjectConfigurationPlatforms) = postSolution
		{C6D58BC8-F4F4-4054-B130-B6DC12E752BF}.Debug|Any CPU.ActiveCfg = Debug|Any CPU
		{C6D58BC8-F4F4-4054-B130-B6DC12E752BF}.Debug|Any CPU.Build.0 = Debug|Any CPU
		{C6D58BC8-F4F4-4054-B130-B6DC12E752BF}.Release|Any CPU.ActiveCfg = Release|Any CPU
		{C6D58BC8-F4F4-4054-B130-B6DC12E752BF}.Release|Any CPU.Build.0 = Release|Any CPU
		{632E29EE-6B5A-4CE4-98F4-8BB8DB1D6F93}.Debug|Any CPU.ActiveCfg = Debug|Any CPU
		{632E29EE-6B5A-4CE4-98F4-8BB8DB1D6F93}.Debug|Any CPU.Build.0 = Debug|Any CPU
		{632E29EE-6B5A-4CE4-98F4-8BB8DB1D6F93}.Release|Any CPU.ActiveCfg = Release|Any CPU
		{632E29EE-6B5A-4CE4-98F4-8BB8DB1D6F93}.Release|Any CPU.Build.0 = Release|Any CPU
		{0DFA7D70-4A32-441B-945C-4C3D90DE032A}.Debug|Any CPU.ActiveCfg = Debug|Any CPU
		{0DFA7D70-4A32-441B-945C-4C3D90DE032A}.Debug|Any CPU.Build.0 = Debug|Any CPU
		{0DFA7D70-4A32-441B-945C-4C3D90DE032A}.Release|Any CPU.ActiveCfg = Release|Any CPU
		{0DFA7D70-4A32-441B-945C-4C3D90DE032A}.Release|Any CPU.Build.0 = Release|Any CPU
	EndGlobalSection
EndGlobal
